
Microsoft Visual Studio Solution File, Format Version 12.00
# Visual Studio Version 16
VisualStudioVersion = 16.0.29613.14
MinimumVisualStudioVersion = 10.0.40219.1
Project("{FAE04EC0-301F-11D3-BF4B-00C04F79EFBC}") = "XI.B3BotManager.Monitor", "XI.B3BotManager.Monitor\XI.B3BotManager.Monitor.csproj", "{4430B87D-6C84-4D93-8575-AC221104D6BE}"
EndProject
Global
	GlobalSection(SolutionConfigurationPlatforms) = preSolution
		Debug|Any CPU = Debug|Any CPU
		Release|Any CPU = Release|Any CPU
	EndGlobalSection
	GlobalSection(ProjectConfigurationPlatforms) = postSolution
		{4430B87D-6C84-4D93-8575-AC221104D6BE}.Debug|Any CPU.ActiveCfg = Debug|Any CPU
		{4430B87D-6C84-4D93-8575-AC221104D6BE}.Debug|Any CPU.Build.0 = Debug|Any CPU
		{4430B87D-6C84-4D93-8575-AC221104D6BE}.Release|Any CPU.ActiveCfg = Release|Any CPU
		{4430B87D-6C84-4D93-8575-AC221104D6BE}.Release|Any CPU.Build.0 = Release|Any CPU
	EndGlobalSection
	GlobalSection(SolutionProperties) = preSolution
		HideSolutionNode = FALSE
	EndGlobalSection
	GlobalSection(ExtensibilityGlobals) = postSolution
		SolutionGuid = {7D112413-FBBC-4389-8365-FC06A4A2174B}
	EndGlobalSection
EndGlobal
